
Microsoft Visual Studio Solution File, Format Version 12.00
# Visual Studio 15
VisualStudioVersion = 15.0.27428.2002
MinimumVisualStudioVersion = 10.0.40219.1
Project("{FAE04EC0-301F-11D3-BF4B-00C04F79EFBC}") = "MoviesApi", "MoviesApi\MoviesApi.csproj", "{B90BF705-2DB6-4787-B8FF-5A3E4445AFEA}"
EndProject
Global
	GlobalSection(SolutionConfigurationPlatforms) = preSolution
		Debug|Any CPU = Debug|Any CPU
		Release|Any CPU = Release|Any CPU
	EndGlobalSection
	GlobalSection(ProjectConfigurationPlatforms) = postSolution
		{B90BF705-2DB6-4787-B8FF-5A3E4445AFEA}.Debug|Any CPU.ActiveCfg = Debug|Any CPU
		{B90BF705-2DB6-4787-B8FF-5A3E4445AFEA}.Debug|Any CPU.Build.0 = Debug|Any CPU
		{B90BF705-2DB6-4787-B8FF-5A3E4445AFEA}.Release|Any CPU.ActiveCfg = Release|Any CPU
		{B90BF705-2DB6-4787-B8FF-5A3E4445AFEA}.Release|Any CPU.Build.0 = Release|Any CPU
	EndGlobalSection
	GlobalSection(SolutionProperties) = preSolution
		HideSolutionNode = FALSE
	EndGlobalSection
	GlobalSection(ExtensibilityGlobals) = postSolution
		SolutionGuid = {4D9B2472-3206-4204-8EF0-327EB9025B4C}
	EndGlobalSection
EndGlobal
